// !$*UTF8*$!
{
	archiveVersion = 1;
	classes = {
	};
	objectVersion = 77;
	objects = {

/* Begin PBXBuildFile section */
		A72BC8E22D1A1E2A008A14AF /* XCTest.framework in Frameworks */ = {isa = PBXBuildFile; fileRef = A72BC8D52D1A1BF4008A14AF /* XCTest.framework */; platformFilter = ios; };
		A75F22192D12F8D9004A04E5 /* FacebookLogin in Frameworks */ = {isa = PBXBuildFile; productRef = A75F22182D12F8D9004A04E5 /* FacebookLogin */; };
		A75F221F2D12F8EB004A04E5 /* FacebookCore in Frameworks */ = {isa = PBXBuildFile; productRef = A75F221E2D12F8EB004A04E5 /* FacebookCore */; };
		A77BE6D72D0F952E00C78491 /* AppAuth in Frameworks */ = {isa = PBXBuildFile; productRef = A77BE6D62D0F952E00C78491 /* AppAuth */; };
		A77BE6D92D0F952E00C78491 /* AppAuthCore in Frameworks */ = {isa = PBXBuildFile; productRef = A77BE6D82D0F952E00C78491 /* AppAuthCore */; };
/* End PBXBuildFile section */

/* Begin PBXContainerItemProxy section */
		A7939B9E2D19CA4400003ED1 /* PBXContainerItemProxy */ = {
			isa = PBXContainerItemProxy;
			containerPortal = A7DC88F22D0C36920023CCCD /* Project object */;
			proxyType = 1;
			remoteGlobalIDString = A7DC88F92D0C36920023CCCD;
			remoteInfo = SignSure;
		};
/* End PBXContainerItemProxy section */

/* Begin PBXFileReference section */
		A72BC8D52D1A1BF4008A14AF /* XCTest.framework */ = {isa = PBXFileReference; lastKnownFileType = wrapper.framework; name = XCTest.framework; path = Platforms/iPhoneOS.platform/Developer/Library/Frameworks/XCTest.framework; sourceTree = DEVELOPER_DIR; };
		A7939B9A2D19CA4400003ED1 /* SignSureTests.xctest */ = {isa = PBXFileReference; explicitFileType = wrapper.cfbundle; includeInIndex = 0; path = SignSureTests.xctest; sourceTree = BUILT_PRODUCTS_DIR; };
		A7DC88FA2D0C36920023CCCD /* SignSure.app */ = {isa = PBXFileReference; explicitFileType = wrapper.application; includeInIndex = 0; path = SignSure.app; sourceTree = BUILT_PRODUCTS_DIR; };
/* End PBXFileReference section */

/* Begin PBXFileSystemSynchronizedBuildFileExceptionSet section */
		A72BC8E52D1A1EBE008A14AF /* Exceptions for "SignSureTests" folder in "SignSure" target */ = {
			isa = PBXFileSystemSynchronizedBuildFileExceptionSet;
			membershipExceptions = (
				Mocks/MockFacebookOAuthProvider.swift,
				Mocks/MockGoogleOAuthProvider.swift,
				SignSure.xctestplan,
			);
			target = A7DC88F92D0C36920023CCCD /* SignSure */;
		};
		A75F22272D138F8C004A04E5 /* Exceptions for "SignSure" folder in "SignSure" target */ = {
			isa = PBXFileSystemSynchronizedBuildFileExceptionSet;
			membershipExceptions = (
				Info.plist,
			);
			target = A7DC88F92D0C36920023CCCD /* SignSure */;
		};
/* End PBXFileSystemSynchronizedBuildFileExceptionSet section */

/* Begin PBXFileSystemSynchronizedRootGroup section */
		A7939B9B2D19CA4400003ED1 /* SignSureTests */ = {
			isa = PBXFileSystemSynchronizedRootGroup;
			exceptions = (
				A72BC8E52D1A1EBE008A14AF /* Exceptions for "SignSureTests" folder in "SignSure" target */,
			);
			path = SignSureTests;
			sourceTree = "<group>";
		};
		A7DC88FC2D0C36920023CCCD /* SignSure */ = {
			isa = PBXFileSystemSynchronizedRootGroup;
			exceptions = (
				A75F22272D138F8C004A04E5 /* Exceptions for "SignSure" folder in "SignSure" target */,
			);
			path = SignSure;
			sourceTree = "<group>";
		};
/* End PBXFileSystemSynchronizedRootGroup section */

/* Begin PBXFrameworksBuildPhase section */
		A7939B972D19CA4400003ED1 /* Frameworks */ = {
			isa = PBXFrameworksBuildPhase;
			buildActionMask = 2147483647;
			files = (
				A72BC8E22D1A1E2A008A14AF /* XCTest.framework in Frameworks */,
			);
			runOnlyForDeploymentPostprocessing = 0;
		};
		A7DC88F72D0C36920023CCCD /* Frameworks */ = {
			isa = PBXFrameworksBuildPhase;
			buildActionMask = 2147483647;
			files = (
				A75F22192D12F8D9004A04E5 /* FacebookLogin in Frameworks */,
				A75F221F2D12F8EB004A04E5 /* FacebookCore in Frameworks */,
				A77BE6D72D0F952E00C78491 /* AppAuth in Frameworks */,
				A77BE6D92D0F952E00C78491 /* AppAuthCore in Frameworks */,
			);
			runOnlyForDeploymentPostprocessing = 0;
		};
/* End PBXFrameworksBuildPhase section */

/* Begin PBXGroup section */
		A72BC8D42D1A1BF4008A14AF /* Frameworks */ = {
			isa = PBXGroup;
			children = (
				A72BC8D52D1A1BF4008A14AF /* XCTest.framework */,
			);
			name = Frameworks;
			sourceTree = "<group>";
		};
		A7DC88F12D0C36920023CCCD = {
			isa = PBXGroup;
			children = (
				A7DC88FC2D0C36920023CCCD /* SignSure */,
				A7939B9B2D19CA4400003ED1 /* SignSureTests */,
				A72BC8D42D1A1BF4008A14AF /* Frameworks */,
				A7DC88FB2D0C36920023CCCD /* Products */,
			);
			sourceTree = "<group>";
		};
		A7DC88FB2D0C36920023CCCD /* Products */ = {
			isa = PBXGroup;
			children = (
				A7DC88FA2D0C36920023CCCD /* SignSure.app */,
				A7939B9A2D19CA4400003ED1 /* SignSureTests.xctest */,
			);
			name = Products;
			sourceTree = "<group>";
		};
/* End PBXGroup section */

/* Begin PBXNativeTarget section */
		A7939B992D19CA4400003ED1 /* SignSureTests */ = {
			isa = PBXNativeTarget;
			buildConfigurationList = A7939BA02D19CA4400003ED1 /* Build configuration list for PBXNativeTarget "SignSureTests" */;
			buildPhases = (
				A7939B962D19CA4400003ED1 /* Sources */,
				A7939B972D19CA4400003ED1 /* Frameworks */,
				A7939B982D19CA4400003ED1 /* Resources */,
			);
			buildRules = (
			);
			dependencies = (
				A7939B9F2D19CA4400003ED1 /* PBXTargetDependency */,
			);
			fileSystemSynchronizedGroups = (
				A7939B9B2D19CA4400003ED1 /* SignSureTests */,
			);
			name = SignSureTests;
			packageProductDependencies = (
			);
			productName = SignSureTests;
			productReference = A7939B9A2D19CA4400003ED1 /* SignSureTests.xctest */;
			productType = "com.apple.product-type.bundle.unit-test";
		};
		A7DC88F92D0C36920023CCCD /* SignSure */ = {
			isa = PBXNativeTarget;
			buildConfigurationList = A7DC89082D0C36940023CCCD /* Build configuration list for PBXNativeTarget "SignSure" */;
			buildPhases = (
				A7DC88F62D0C36920023CCCD /* Sources */,
				A7DC88F72D0C36920023CCCD /* Frameworks */,
				A7DC88F82D0C36920023CCCD /* Resources */,
			);
			buildRules = (
			);
			dependencies = (
			);
			fileSystemSynchronizedGroups = (
				A7DC88FC2D0C36920023CCCD /* SignSure */,
			);
			name = SignSure;
			productName = SignSure;
			productReference = A7DC88FA2D0C36920023CCCD /* SignSure.app */;
			productType = "com.apple.product-type.application";
		};
/* End PBXNativeTarget section */

/* Begin PBXProject section */
		A7DC88F22D0C36920023CCCD /* Project object */ = {
			isa = PBXProject;
			attributes = {
				BuildIndependentTargetsInParallel = 1;
				LastSwiftUpdateCheck = 1620;
				LastUpgradeCheck = 1620;
				TargetAttributes = {
					A7939B992D19CA4400003ED1 = {
						CreatedOnToolsVersion = 16.2;
						TestTargetID = A7DC88F92D0C36920023CCCD;
					};
					A7DC88F92D0C36920023CCCD = {
						CreatedOnToolsVersion = 16.1;
					};
				};
			};
			buildConfigurationList = A7DC88F52D0C36920023CCCD /* Build configuration list for PBXProject "SignSure" */;
			developmentRegion = en;
			hasScannedForEncodings = 0;
			knownRegions = (
				en,
				Base,
			);
			mainGroup = A7DC88F12D0C36920023CCCD;
			minimizedProjectReferenceProxies = 1;
			packageReferences = (
				A77BE6D52D0F952E00C78491 /* XCRemoteSwiftPackageReference "AppAuth-iOS" */,
				A75F22162D125A3B004A04E5 /* XCRemoteSwiftPackageReference "facebook-ios-sdk" */,
			);
			preferredProjectObjectVersion = 77;
			productRefGroup = A7DC88FB2D0C36920023CCCD /* Products */;
			projectDirPath = "";
			projectRoot = "";
			targets = (
				A7DC88F92D0C36920023CCCD /* SignSure */,
				A7939B992D19CA4400003ED1 /* SignSureTests */,
			);
		};
/* End PBXProject section */

/* Begin PBXResourcesBuildPhase section */
		A7939B982D19CA4400003ED1 /* Resources */ = {
			isa = PBXResourcesBuildPhase;
			buildActionMask = 2147483647;
			files = (
			);
			runOnlyForDeploymentPostprocessing = 0;
		};
		A7DC88F82D0C36920023CCCD /* Resources */ = {
			isa = PBXResourcesBuildPhase;
			buildActionMask = 2147483647;
			files = (
			);
			runOnlyForDeploymentPostprocessing = 0;
		};
/* End PBXResourcesBuildPhase section */

/* Begin PBXSourcesBuildPhase section */
		A7939B962D19CA4400003ED1 /* Sources */ = {
			isa = PBXSourcesBuildPhase;
			buildActionMask = 2147483647;
			files = (
			);
			runOnlyForDeploymentPostprocessing = 0;
		};
		A7DC88F62D0C36920023CCCD /* Sources */ = {
			isa = PBXSourcesBuildPhase;
			buildActionMask = 2147483647;
			files = (
			);
			runOnlyForDeploymentPostprocessing = 0;
		};
/* End PBXSourcesBuildPhase section */

/* Begin PBXTargetDependency section */
		A7939B9F2D19CA4400003ED1 /* PBXTargetDependency */ = {
			isa = PBXTargetDependency;
			target = A7DC88F92D0C36920023CCCD /* SignSure */;
			targetProxy = A7939B9E2D19CA4400003ED1 /* PBXContainerItemProxy */;
		};
/* End PBXTargetDependency section */

/* Begin XCBuildConfiguration section */
		A7939BA12D19CA4400003ED1 /* Debug */ = {
			isa = XCBuildConfiguration;
			buildSettings = {
				BUNDLE_LOADER = "$(TEST_HOST)";
				"CODE_SIGN_IDENTITY[sdk=macosx*]" = "Apple Development";
				CODE_SIGN_STYLE = Automatic;
				CURRENT_PROJECT_VERSION = 1;
				DEVELOPMENT_TEAM = M8N7G648QF;
				GENERATE_INFOPLIST_FILE = YES;
				IPHONEOS_DEPLOYMENT_TARGET = 18.2;
				MARKETING_VERSION = 1.0;
				PRODUCT_BUNDLE_IDENTIFIER = codepett.SignSureTests;
				PRODUCT_NAME = "$(TARGET_NAME)";
				SWIFT_EMIT_LOC_STRINGS = NO;
				SWIFT_VERSION = 5.0;
				TARGETED_DEVICE_FAMILY = "1,2";
				TEST_HOST = "$(BUILT_PRODUCTS_DIR)/SignSure.app/$(BUNDLE_EXECUTABLE_FOLDER_PATH)/SignSure";
			};
			name = Debug;
		};
		A7939BA22D19CA4400003ED1 /* Release */ = {
			isa = XCBuildConfiguration;
			buildSettings = {
				BUNDLE_LOADER = "$(TEST_HOST)";
				"CODE_SIGN_IDENTITY[sdk=macosx*]" = "Apple Development";
				CODE_SIGN_STYLE = Automatic;
				CURRENT_PROJECT_VERSION = 1;
				DEVELOPMENT_TEAM = M8N7G648QF;
				GENERATE_INFOPLIST_FILE = YES;
				IPHONEOS_DEPLOYMENT_TARGET = 18.2;
				MARKETING_VERSION = 1.0;
				PRODUCT_BUNDLE_IDENTIFIER = codepett.SignSureTests;
				PRODUCT_NAME = "$(TARGET_NAME)";
				SWIFT_EMIT_LOC_STRINGS = NO;
				SWIFT_VERSION = 5.0;
				TARGETED_DEVICE_FAMILY = "1,2";
				TEST_HOST = "$(BUILT_PRODUCTS_DIR)/SignSure.app/$(BUNDLE_EXECUTABLE_FOLDER_PATH)/SignSure";
			};
			name = Release;
		};
		A7DC89062D0C36940023CCCD /* Debug */ = {
			isa = XCBuildConfiguration;
			buildSettings = {
				ALWAYS_SEARCH_USER_PATHS = NO;
				ASSETCATALOG_COMPILER_GENERATE_SWIFT_ASSET_SYMBOL_EXTENSIONS = YES;
				CLANG_ANALYZER_NONNULL = YES;
				CLANG_ANALYZER_NUMBER_OBJECT_CONVERSION = YES_AGGRESSIVE;
				CLANG_CXX_LANGUAGE_STANDARD = "gnu++20";
				CLANG_ENABLE_MODULES = YES;
				CLANG_ENABLE_OBJC_ARC = YES;
				CLANG_ENABLE_OBJC_WEAK = YES;
				CLANG_WARN_BLOCK_CAPTURE_AUTORELEASING = YES;
				CLANG_WARN_BOOL_CONVERSION = YES;
				CLANG_WARN_COMMA = YES;
				CLANG_WARN_CONSTANT_CONVERSION = YES;
				CLANG_WARN_DEPRECATED_OBJC_IMPLEMENTATIONS = YES;
				CLANG_WARN_DIRECT_OBJC_ISA_USAGE = YES_ERROR;
				CLANG_WARN_DOCUMENTATION_COMMENTS = YES;
				CLANG_WARN_EMPTY_BODY = YES;
				CLANG_WARN_ENUM_CONVERSION = YES;
				CLANG_WARN_INFINITE_RECURSION = YES;
				CLANG_WARN_INT_CONVERSION = YES;
				CLANG_WARN_NON_LITERAL_NULL_CONVERSION = YES;
				CLANG_WARN_OBJC_IMPLICIT_RETAIN_SELF = YES;
				CLANG_WARN_OBJC_LITERAL_CONVERSION = YES;
				CLANG_WARN_OBJC_ROOT_CLASS = YES_ERROR;
				CLANG_WARN_QUOTED_INCLUDE_IN_FRAMEWORK_HEADER = YES;
				CLANG_WARN_RANGE_LOOP_ANALYSIS = YES;
				CLANG_WARN_STRICT_PROTOTYPES = YES;
				CLANG_WARN_SUSPICIOUS_MOVE = YES;
				CLANG_WARN_UNGUARDED_AVAILABILITY = YES_AGGRESSIVE;
				CLANG_WARN_UNREACHABLE_CODE = YES;
				CLANG_WARN__DUPLICATE_METHOD_MATCH = YES;
				COPY_PHASE_STRIP = NO;
				DEBUG_INFORMATION_FORMAT = dwarf;
				ENABLE_STRICT_OBJC_MSGSEND = YES;
				ENABLE_TESTABILITY = YES;
				ENABLE_USER_SCRIPT_SANDBOXING = YES;
				GCC_C_LANGUAGE_STANDARD = gnu17;
				GCC_DYNAMIC_NO_PIC = NO;
				GCC_NO_COMMON_BLOCKS = YES;
				GCC_OPTIMIZATION_LEVEL = 0;
				GCC_PREPROCESSOR_DEFINITIONS = (
					"DEBUG=1",
					"$(inherited)",
				);
				GCC_WARN_64_TO_32_BIT_CONVERSION = YES;
				GCC_WARN_ABOUT_RETURN_TYPE = YES_ERROR;
				GCC_WARN_UNDECLARED_SELECTOR = YES;
				GCC_WARN_UNINITIALIZED_AUTOS = YES_AGGRESSIVE;
				GCC_WARN_UNUSED_FUNCTION = YES;
				GCC_WARN_UNUSED_VARIABLE = YES;
				"INFOPLIST_FILE[sdk=*]" = "";
				IPHONEOS_DEPLOYMENT_TARGET = 18.1;
				LOCALIZATION_PREFERS_STRING_CATALOGS = YES;
				MTL_ENABLE_DEBUG_INFO = INCLUDE_SOURCE;
				MTL_FAST_MATH = YES;
				ONLY_ACTIVE_ARCH = YES;
				SDKROOT = iphoneos;
				SWIFT_ACTIVE_COMPILATION_CONDITIONS = "DEBUG $(inherited)";
				SWIFT_OPTIMIZATION_LEVEL = "-Onone";
			};
			name = Debug;
		};
		A7DC89072D0C36940023CCCD /* Release */ = {
			isa = XCBuildConfiguration;
			buildSettings = {
				ALWAYS_SEARCH_USER_PATHS = NO;
				ASSETCATALOG_COMPILER_GENERATE_SWIFT_ASSET_SYMBOL_EXTENSIONS = YES;
				CLANG_ANALYZER_NONNULL = YES;
				CLANG_ANALYZER_NUMBER_OBJECT_CONVERSION = YES_AGGRESSIVE;
				CLANG_CXX_LANGUAGE_STANDARD = "gnu++20";
				CLANG_ENABLE_MODULES = YES;
				CLANG_ENABLE_OBJC_ARC = YES;
				CLANG_ENABLE_OBJC_WEAK = YES;
				CLANG_WARN_BLOCK_CAPTURE_AUTORELEASING = YES;
				CLANG_WARN_BOOL_CONVERSION = YES;
				CLANG_WARN_COMMA = YES;
				CLANG_WARN_CONSTANT_CONVERSION = YES;
				CLANG_WARN_DEPRECATED_OBJC_IMPLEMENTATIONS = YES;
				CLANG_WARN_DIRECT_OBJC_ISA_USAGE = YES_ERROR;
				CLANG_WARN_DOCUMENTATION_COMMENTS = YES;
				CLANG_WARN_EMPTY_BODY = YES;
				CLANG_WARN_ENUM_CONVERSION = YES;
				CLANG_WARN_INFINITE_RECURSION = YES;
				CLANG_WARN_INT_CONVERSION = YES;
				CLANG_WARN_NON_LITERAL_NULL_CONVERSION = YES;
				CLANG_WARN_OBJC_IMPLICIT_RETAIN_SELF = YES;
				CLANG_WARN_OBJC_LITERAL_CONVERSION = YES;
				CLANG_WARN_OBJC_ROOT_CLASS = YES_ERROR;
				CLANG_WARN_QUOTED_INCLUDE_IN_FRAMEWORK_HEADER = YES;
				CLANG_WARN_RANGE_LOOP_ANALYSIS = YES;
				CLANG_WARN_STRICT_PROTOTYPES = YES;
				CLANG_WARN_SUSPICIOUS_MOVE = YES;
				CLANG_WARN_UNGUARDED_AVAILABILITY = YES_AGGRESSIVE;
				CLANG_WARN_UNREACHABLE_CODE = YES;
				CLANG_WARN__DUPLICATE_METHOD_MATCH = YES;
				COPY_PHASE_STRIP = NO;
				DEBUG_INFORMATION_FORMAT = "dwarf-with-dsym";
				ENABLE_NS_ASSERTIONS = NO;
				ENABLE_STRICT_OBJC_MSGSEND = YES;
				ENABLE_USER_SCRIPT_SANDBOXING = YES;
				GCC_C_LANGUAGE_STANDARD = gnu17;
				GCC_NO_COMMON_BLOCKS = YES;
				GCC_WARN_64_TO_32_BIT_CONVERSION = YES;
				GCC_WARN_ABOUT_RETURN_TYPE = YES_ERROR;
				GCC_WARN_UNDECLARED_SELECTOR = YES;
				GCC_WARN_UNINITIALIZED_AUTOS = YES_AGGRESSIVE;
				GCC_WARN_UNUSED_FUNCTION = YES;
				GCC_WARN_UNUSED_VARIABLE = YES;
				"INFOPLIST_FILE[sdk=*]" = "";
				IPHONEOS_DEPLOYMENT_TARGET = 18.1;
				LOCALIZATION_PREFERS_STRING_CATALOGS = YES;
				MTL_ENABLE_DEBUG_INFO = NO;
				MTL_FAST_MATH = YES;
				SDKROOT = iphoneos;
				SWIFT_COMPILATION_MODE = wholemodule;
				VALIDATE_PRODUCT = YES;
			};
			name = Release;
		};
		A7DC89092D0C36940023CCCD /* Debug */ = {
			isa = XCBuildConfiguration;
			buildSettings = {
				ASSETCATALOG_COMPILER_APPICON_NAME = AppIcon;
				ASSETCATALOG_COMPILER_GLOBAL_ACCENT_COLOR_NAME = AccentColor;
				CODE_SIGN_ENTITLEMENTS = SignSure/SignSure.entitlements;
				CODE_SIGN_STYLE = Automatic;
				CURRENT_PROJECT_VERSION = 1;
				DEVELOPMENT_ASSET_PATHS = "";
				DEVELOPMENT_TEAM = M8N7G648QF;
				ENABLE_PREVIEWS = YES;
				GENERATE_INFOPLIST_FILE = YES;
				INFOPLIST_FILE = SignSure/Info.plist;
				INFOPLIST_KEY_UIApplicationSceneManifest_Generation = YES;
				INFOPLIST_KEY_UIApplicationSupportsIndirectInputEvents = YES;
				INFOPLIST_KEY_UILaunchScreen_Generation = YES;
				INFOPLIST_KEY_UISupportedInterfaceOrientations_iPad = "UIInterfaceOrientationPortrait UIInterfaceOrientationPortraitUpsideDown UIInterfaceOrientationLandscapeLeft UIInterfaceOrientationLandscapeRight";
				INFOPLIST_KEY_UISupportedInterfaceOrientations_iPhone = "UIInterfaceOrientationPortrait UIInterfaceOrientationLandscapeLeft UIInterfaceOrientationLandscapeRight";
				IPHONEOS_DEPLOYMENT_TARGET = 16.6;
				LD_RUNPATH_SEARCH_PATHS = (
					"$(inherited)",
					"@executable_path/Frameworks",
				);
				MARKETING_VERSION = 1.0;
				PRODUCT_BUNDLE_IDENTIFIER = codepett.SignSure;
				PRODUCT_NAME = "$(TARGET_NAME)";
				SWIFT_EMIT_LOC_STRINGS = YES;
				SWIFT_VERSION = 5.0;
				TARGETED_DEVICE_FAMILY = "1,2";
			};
			name = Debug;
		};
		A7DC890A2D0C36940023CCCD /* Release */ = {
			isa = XCBuildConfiguration;
			buildSettings = {
				ASSETCATALOG_COMPILER_APPICON_NAME = AppIcon;
				ASSETCATALOG_COMPILER_GLOBAL_ACCENT_COLOR_NAME = AccentColor;
				CODE_SIGN_ENTITLEMENTS = SignSure/SignSure.entitlements;
				CODE_SIGN_STYLE = Automatic;
				CURRENT_PROJECT_VERSION = 1;
				DEVELOPMENT_ASSET_PATHS = "";
				DEVELOPMENT_TEAM = M8N7G648QF;
				ENABLE_PREVIEWS = YES;
				GENERATE_INFOPLIST_FILE = YES;
				INFOPLIST_FILE = SignSure/Info.plist;
				INFOPLIST_KEY_UIApplicationSceneManifest_Generation = YES;
				INFOPLIST_KEY_UIApplicationSupportsIndirectInputEvents = YES;
				INFOPLIST_KEY_UILaunchScreen_Generation = YES;
				INFOPLIST_KEY_UISupportedInterfaceOrientations_iPad = "UIInterfaceOrientationPortrait UIInterfaceOrientationPortraitUpsideDown UIInterfaceOrientationLandscapeLeft UIInterfaceOrientationLandscapeRight";
				INFOPLIST_KEY_UISupportedInterfaceOrientations_iPhone = "UIInterfaceOrientationPortrait UIInterfaceOrientationLandscapeLeft UIInterfaceOrientationLandscapeRight";
				IPHONEOS_DEPLOYMENT_TARGET = 16.6;
				LD_RUNPATH_SEARCH_PATHS = (
					"$(inherited)",
					"@executable_path/Frameworks",
				);
				MARKETING_VERSION = 1.0;
				PRODUCT_BUNDLE_IDENTIFIER = codepett.SignSure;
				PRODUCT_NAME = "$(TARGET_NAME)";
				SWIFT_EMIT_LOC_STRINGS = YES;
				SWIFT_VERSION = 5.0;
				TARGETED_DEVICE_FAMILY = "1,2";
			};
			name = Release;
		};
/* End XCBuildConfiguration section */

/* Begin XCConfigurationList section */
		A7939BA02D19CA4400003ED1 /* Build configuration list for PBXNativeTarget "SignSureTests" */ = {
			isa = XCConfigurationList;
			buildConfigurations = (
				A7939BA12D19CA4400003ED1 /* Debug */,
				A7939BA22D19CA4400003ED1 /* Release */,
			);
			defaultConfigurationIsVisible = 0;
			defaultConfigurationName = Release;
		};
		A7DC88F52D0C36920023CCCD /* Build configuration list for PBXProject "SignSure" */ = {
			isa = XCConfigurationList;
			buildConfigurations = (
				A7DC89062D0C36940023CCCD /* Debug */,
				A7DC89072D0C36940023CCCD /* Release */,
			);
			defaultConfigurationIsVisible = 0;
			defaultConfigurationName = Release;
		};
		A7DC89082D0C36940023CCCD /* Build configuration list for PBXNativeTarget "SignSure" */ = {
			isa = XCConfigurationList;
			buildConfigurations = (
				A7DC89092D0C36940023CCCD /* Debug */,
				A7DC890A2D0C36940023CCCD /* Release */,
			);
			defaultConfigurationIsVisible = 0;
			defaultConfigurationName = Release;
		};
/* End XCConfigurationList section */

/* Begin XCRemoteSwiftPackageReference section */
		A75F22162D125A3B004A04E5 /* XCRemoteSwiftPackageReference "facebook-ios-sdk" */ = {
			isa = XCRemoteSwiftPackageReference;
			repositoryURL = "https://github.com/facebook/facebook-ios-sdk";
			requirement = {
				kind = upToNextMajorVersion;
				minimumVersion = 14.1.0;
			};
		};
		A77BE6D52D0F952E00C78491 /* XCRemoteSwiftPackageReference "AppAuth-iOS" */ = {
			isa = XCRemoteSwiftPackageReference;
			repositoryURL = "https://github.com/openid/AppAuth-iOS";
			requirement = {
				kind = upToNextMajorVersion;
				minimumVersion = 1.7.6;
			};
		};
/* End XCRemoteSwiftPackageReference section */

/* Begin XCSwiftPackageProductDependency section */
		A75F22182D12F8D9004A04E5 /* FacebookLogin */ = {
			isa = XCSwiftPackageProductDependency;
			package = A75F22162D125A3B004A04E5 /* XCRemoteSwiftPackageReference "facebook-ios-sdk" */;
			productName = FacebookLogin;
		};
		A75F221E2D12F8EB004A04E5 /* FacebookCore */ = {
			isa = XCSwiftPackageProductDependency;
			package = A75F22162D125A3B004A04E5 /* XCRemoteSwiftPackageReference "facebook-ios-sdk" */;
			productName = FacebookCore;
		};
		A77BE6D62D0F952E00C78491 /* AppAuth */ = {
			isa = XCSwiftPackageProductDependency;
			package = A77BE6D52D0F952E00C78491 /* XCRemoteSwiftPackageReference "AppAuth-iOS" */;
			productName = AppAuth;
		};
		A77BE6D82D0F952E00C78491 /* AppAuthCore */ = {
			isa = XCSwiftPackageProductDependency;
			package = A77BE6D52D0F952E00C78491 /* XCRemoteSwiftPackageReference "AppAuth-iOS" */;
			productName = AppAuthCore;
		};
/* End XCSwiftPackageProductDependency section */
	};
	rootObject = A7DC88F22D0C36920023CCCD /* Project object */;
}
